Microsoft Visual Studio Solution File, Format Version 11.00
# Visual Studio 2008

Project("{8197CA4A-2B91-213A-7876-F7C19F886E25}") = "Bash 3.5", "Assembly-CSharp-firstpass.csproj", "{E3541CA2-FB96-5218-8892-889FE71F5F52}"
EndProject
Project("{8197CA4A-2B91-213A-7876-F7C19F886E25}") = "Bash 3.5", "Assembly-UnityScript-firstpass.unityproj", "{3FE717F9-47C7-4C5C-9276-C2E7723DE853}"
EndProject
Project("{8197CA4A-2B91-213A-7876-F7C19F886E25}") = "Bash 3.5", "Assembly-UnityScript.unityproj", "{35849EC4-881E-21C7-6E39-F2D3770ECDDE}"
EndProject
Global
	GlobalSection(SolutionConfigurationPlatforms) = preSolution
		Debug|Any CPU = Debug|Any CPU
		Release|Any CPU = Release|Any CPU
	EndGlobalSection
	GlobalSection(ProjectConfigurationPlatforms) = postSolution
		{E3541CA2-FB96-5218-8892-889FE71F5F52}.Debug|Any CPU.ActiveCfg = Debug|Any CPU
		{E3541CA2-FB96-5218-8892-889FE71F5F52}.Debug|Any CPU.Build.0 = Debug|Any CPU
		{E3541CA2-FB96-5218-8892-889FE71F5F52}.Release|Any CPU.ActiveCfg = Release|Any CPU
		{E3541CA2-FB96-5218-8892-889FE71F5F52}.Release|Any CPU.Build.0 = Release|Any CPU
		{3FE717F9-47C7-4C5C-9276-C2E7723DE853}.Debug|Any CPU.ActiveCfg = Debug|Any CPU
		{3FE717F9-47C7-4C5C-9276-C2E7723DE853}.Debug|Any CPU.Build.0 = Debug|Any CPU
		{3FE717F9-47C7-4C5C-9276-C2E7723DE853}.Release|Any CPU.ActiveCfg = Release|Any CPU
		{3FE717F9-47C7-4C5C-9276-C2E7723DE853}.Release|Any CPU.Build.0 = Release|Any CPU
		{35849EC4-881E-21C7-6E39-F2D3770ECDDE}.Debug|Any CPU.ActiveCfg = Debug|Any CPU
		{35849EC4-881E-21C7-6E39-F2D3770ECDDE}.Debug|Any CPU.Build.0 = Debug|Any CPU
		{35849EC4-881E-21C7-6E39-F2D3770ECDDE}.Release|Any CPU.ActiveCfg = Release|Any CPU
		{35849EC4-881E-21C7-6E39-F2D3770ECDDE}.Release|Any CPU.Build.0 = Release|Any CPU
	EndGlobalSection
	GlobalSection(SolutionProperties) = preSolution
		HideSolutionNode = FALSE
	EndGlobalSection
											GlobalSection(MonoDevelopProperties) = preSolution
		StartupItem = Assembly-CSharp.csproj
		Policies = $0
		$0.TextStylePolicy = $1
		$1.inheritsSet = null
		$1.scope = text/x-csharp
		$0.CSharpFormattingPolicy = $2
		$2.inheritsSet = Mono
		$2.inheritsScope = text/x-csharp
		$2.scope = text/x-csharp
		$0.TextStylePolicy = $3
		$3.FileWidth = 120
		$3.TabWidth = 4
		$3.EolMarker = Unix
		$3.inheritsSet = Mono
		$3.inheritsScope = text/plain
		$3.scope = text/plain
	EndGlobalSection

EndGlobal
